
Microsoft Visual Studio Solution File, Format Version 12.00
# Visual Studio Version 17
VisualStudioVersion = 17.4.33205.214
MinimumVisualStudioVersion = 10.0.40219.1
Project("{FAE04EC0-301F-11D3-BF4B-00C04F79EFBC}") = "Skaiciuokles", "Skaiciuokles\Skaiciuokles.csproj", "{8D8A8EC2-5CB1-49BD-B378-571789D6A759}"
EndProject
Project("{FAE04EC0-301F-11D3-BF4B-00C04F79EFBC}") = "UnitTestai", "UnitTestai\UnitTestai.csproj", "{1FD6AE8C-F63C-4EF1-8111-58693A1507E2}"
EndProject
Global
	GlobalSection(SolutionConfigurationPlatforms) = preSolution
		Debug|Any CPU = Debug|Any CPU
		Release|Any CPU = Release|Any CPU
	EndGlobalSection
	GlobalSection(ProjectConfigurationPlatforms) = postSolution
		{8D8A8EC2-5CB1-49BD-B378-571789D6A759}.Debug|Any CPU.ActiveCfg = Debug|Any CPU
		{8D8A8EC2-5CB1-49BD-B378-571789D6A759}.Debug|Any CPU.Build.0 = Debug|Any CPU
		{8D8A8EC2-5CB1-49BD-B378-571789D6A759}.Release|Any CPU.ActiveCfg = Release|Any CPU
		{8D8A8EC2-5CB1-49BD-B378-571789D6A759}.Release|Any CPU.Build.0 = Release|Any CPU
		{1FD6AE8C-F63C-4EF1-8111-58693A1507E2}.Debug|Any CPU.ActiveCfg = Debug|Any CPU
		{1FD6AE8C-F63C-4EF1-8111-58693A1507E2}.Debug|Any CPU.Build.0 = Debug|Any CPU
		{1FD6AE8C-F63C-4EF1-8111-58693A1507E2}.Release|Any CPU.ActiveCfg = Release|Any CPU
		{1FD6AE8C-F63C-4EF1-8111-58693A1507E2}.Release|Any CPU.Build.0 = Release|Any CPU
	EndGlobalSection
	GlobalSection(SolutionProperties) = preSolution
		HideSolutionNode = FALSE
	EndGlobalSection
	GlobalSection(ExtensibilityGlobals) = postSolution
		SolutionGuid = {5A6F3086-BC63-42D4-9144-40AC687E7A39}
	EndGlobalSection
EndGlobal
